{
    "name": "zksync",
    "version": "0.7.5",
    "lockfileVersion": 1,
    "requires": true,
    "dependencies": {
        "@quantik-solutions/react-native-zksync": {
            "version": "0.0.1",
            "resolved": "https://npm.pkg.github.com/download/@quantik-solutions/react-native-zksync/0.0.1/8ab960bf8172300c058518b3ae458b0c178629bc71a508982a55a0400f80710c",
            "integrity": "sha512-Z9kEnBCDvmxe23722RL6siMF4dI3RxeV2o5oIz+1l1czxqUch5e63ZHW1GcSXZxtdP5qN2qfMVDsRw6lHckTzw=="
        }
    }
}
